
Microsoft Visual Studio Solution File, Format Version 12.00
# Visual Studio Version 17
VisualStudioVersion = 17.14.36109.1 d17.14
MinimumVisualStudioVersion = 10.0.40219.1
Project("{F184B08F-C81C-45F6-A57F-5ABD9991F28F}") = "OMC GoodFinds", "OMC GoodFinds\OMC GoodFinds.vbproj", "{57F787B2-9745-47FA-821C-6DEF80086558}"
EndProject
Project("{FAE04EC0-301F-11D3-BF4B-00C04F79EFBC}") = "ModernControls", "ModernControls\ModernControls.csproj", "{DEB4A8A1-4434-4096-AAF4-299960A38617}"
EndProject
Global
	GlobalSection(SolutionConfigurationPlatforms) = preSolution
		Debug|Any CPU = Debug|Any CPU
		Release|Any CPU = Release|Any CPU
	EndGlobalSection
	GlobalSection(ProjectConfigurationPlatforms) = postSolution
		{57F787B2-9745-47FA-821C-6DEF80086558}.Debug|Any CPU.ActiveCfg = Debug|Any CPU
		{57F787B2-9745-47FA-821C-6DEF80086558}.Debug|Any CPU.Build.0 = Debug|Any CPU
		{57F787B2-9745-47FA-821C-6DEF80086558}.Release|Any CPU.ActiveCfg = Release|Any CPU
		{57F787B2-9745-47FA-821C-6DEF80086558}.Release|Any CPU.Build.0 = Release|Any CPU
		{DEB4A8A1-4434-4096-AAF4-299960A38617}.Debug|Any CPU.ActiveCfg = Debug|Any CPU
		{DEB4A8A1-4434-4096-AAF4-299960A38617}.Debug|Any CPU.Build.0 = Debug|Any CPU
		{DEB4A8A1-4434-4096-AAF4-299960A38617}.Release|Any CPU.ActiveCfg = Release|Any CPU
		{DEB4A8A1-4434-4096-AAF4-299960A38617}.Release|Any CPU.Build.0 = Release|Any CPU
	EndGlobalSection
	GlobalSection(SolutionProperties) = preSolution
		HideSolutionNode = FALSE
	EndGlobalSection
	GlobalSection(ExtensibilityGlobals) = postSolution
		SolutionGuid = {906F30F7-430A-4593-BA6D-015D4F144816}
	EndGlobalSection
EndGlobal
